// !$*UTF8*$!
{
	archiveVersion = 1;
	classes = {
	};
	objectVersion = 50;
	objects = {

/* Begin PBXBuildFile section */
		CEC3E8FC22189EE4002035D0 /* AppDelegate.swift in Sources */ = {isa = PBXBuildFile; fileRef = CEC3E8FB22189EE4002035D0 /* AppDelegate.swift */; };
		CEC3E8FE22189EE4002035D0 /* ViewController.swift in Sources */ = {isa = PBXBuildFile; fileRef = CEC3E8FD22189EE4002035D0 /* ViewController.swift */; };
		CEC3E90122189EE4002035D0 /* Main.storyboard in Resources */ = {isa = PBXBuildFile; fileRef = CEC3E8FF22189EE4002035D0 /* Main.storyboard */; };
		CEC3E90322189EE5002035D0 /* Assets.xcassets in Resources */ = {isa = PBXBuildFile; fileRef = CEC3E90222189EE5002035D0 /* Assets.xcassets */; };
		CEC3E90622189EE5002035D0 /* LaunchScreen.storyboard in Resources */ = {isa = PBXBuildFile; fileRef = CEC3E90422189EE5002035D0 /* LaunchScreen.storyboard */; };
		CEC3E90E2218BB65002035D0 /* PokedexTableViewController.swift in Sources */ = {isa = PBXBuildFile; fileRef = CEC3E90D2218BB65002035D0 /* PokedexTableViewController.swift */; };
		CEC3E9102218BB81002035D0 /* PokedexViewController.swift in Sources */ = {isa = PBXBuildFile; fileRef = CEC3E90F2218BB81002035D0 /* PokedexViewController.swift */; };
		CEC3E9132218C120002035D0 /* DataSourceManager.swift in Sources */ = {isa = PBXBuildFile; fileRef = CEC3E9122218C120002035D0 /* DataSourceManager.swift */; };
		CEC3E9172218C43F002035D0 /* pocketpokemon.py in Resources */ = {isa = PBXBuildFile; fileRef = CEC3E9162218C43F002035D0 /* pocketpokemon.py */; };
		CEE738DF2218C5FD00DB9E97 /* HomeViewController.swift in Sources */ = {isa = PBXBuildFile; fileRef = CEE738DE2218C5FD00DB9E97 /* HomeViewController.swift */; };
		CEE738E42218CB5F00DB9E97 /* Pokemon.swift in Sources */ = {isa = PBXBuildFile; fileRef = CEE738E32218CB5F00DB9E97 /* Pokemon.swift */; };
		CEE738E62218D5FA00DB9E97 /* pokemonAPI.py in Resources */ = {isa = PBXBuildFile; fileRef = CEE738E52218D5FA00DB9E97 /* pokemonAPI.py */; };
		CEE738E82218DF3900DB9E97 /* statstableview.swift in Sources */ = {isa = PBXBuildFile; fileRef = CEE738E72218DF3900DB9E97 /* statstableview.swift */; };
/* End PBXBuildFile section */

/* Begin PBXFileReference section */
		CEC3E8F822189EE4002035D0 /* PocketPokedex.app */ = {isa = PBXFileReference; explicitFileType = wrapper.application; includeInIndex = 0; path = PocketPokedex.app; sourceTree = BUILT_PRODUCTS_DIR; };
		CEC3E8FB22189EE4002035D0 /* AppDelegate.swift */ = {isa = PBXFileReference; lastKnownFileType = sourcecode.swift; path = AppDelegate.swift; sourceTree = "<group>"; };
		CEC3E8FD22189EE4002035D0 /* ViewController.swift */ = {isa = PBXFileReference; lastKnownFileType = sourcecode.swift; path = ViewController.swift; sourceTree = "<group>"; };
		CEC3E90022189EE4002035D0 /* Base */ = {isa = PBXFileReference; lastKnownFileType = file.storyboard; name = Base; path = Base.lproj/Main.storyboard; sourceTree = "<group>"; };
		CEC3E90222189EE5002035D0 /* Assets.xcassets */ = {isa = PBXFileReference; lastKnownFileType = folder.assetcatalog; path = Assets.xcassets; sourceTree = "<group>"; };
		CEC3E90522189EE5002035D0 /* Base */ = {isa = PBXFileReference; lastKnownFileType = file.storyboard; name = Base; path = Base.lproj/LaunchScreen.storyboard; sourceTree = "<group>"; };
		CEC3E90722189EE5002035D0 /* Info.plist */ = {isa = PBXFileReference; lastKnownFileType = text.plist.xml; path = Info.plist; sourceTree = "<group>"; };
		CEC3E90D2218BB65002035D0 /* PokedexTableViewController.swift */ = {isa = PBXFileReference; lastKnownFileType = sourcecode.swift; path = PokedexTableViewController.swift; sourceTree = "<group>"; };
		CEC3E90F2218BB81002035D0 /* PokedexViewController.swift */ = {isa = PBXFileReference; lastKnownFileType = sourcecode.swift; path = PokedexViewController.swift; sourceTree = "<group>"; };
		CEC3E9122218C120002035D0 /* DataSourceManager.swift */ = {isa = PBXFileReference; lastKnownFileType = sourcecode.swift; path = DataSourceManager.swift; sourceTree = "<group>"; };
		CEC3E9162218C43F002035D0 /* pocketpokemon.py */ = {isa = PBXFileReference; fileEncoding = 4; lastKnownFileType = text.script.python; name = pocketpokemon.py; path = ../../../Downloads/pocketpokemon.py; sourceTree = "<group>"; };
		CEE738DE2218C5FD00DB9E97 /* HomeViewController.swift */ = {isa = PBXFileReference; lastKnownFileType = sourcecode.swift; path = HomeViewController.swift; sourceTree = "<group>"; };
		CEE738E22218C89900DB9E97 /* pocketpokemon.py */ = {isa = PBXFileReference; lastKnownFileType = text.script.python; path = pocketpokemon.py; sourceTree = "<group>"; };
		CEE738E32218CB5F00DB9E97 /* Pokemon.swift */ = {isa = PBXFileReference; lastKnownFileType = sourcecode.swift; path = Pokemon.swift; sourceTree = "<group>"; };
		CEE738E52218D5FA00DB9E97 /* pokemonAPI.py */ = {isa = PBXFileReference; fileEncoding = 4; lastKnownFileType = text.script.python; name = pokemonAPI.py; path = ../../pokemonAPI.py; sourceTree = "<group>"; };
		CEE738E72218DF3900DB9E97 /* statstableview.swift */ = {isa = PBXFileReference; lastKnownFileType = sourcecode.swift; path = statstableview.swift; sourceTree = "<group>"; };
/* End PBXFileReference section */

/* Begin PBXFrameworksBuildPhase section */
		CEC3E8F522189EE4002035D0 /* Frameworks */ = {
			isa = PBXFrameworksBuildPhase;
			buildActionMask = 2147483647;
			files = (
			);
			runOnlyForDeploymentPostprocessing = 0;
		};
/* End PBXFrameworksBuildPhase section */

/* Begin PBXGroup section */
		CEC3E8EF22189EE4002035D0 = {
			isa = PBXGroup;
			children = (
				CEC3E8FA22189EE4002035D0 /* PocketPokedex */,
				CEC3E8F922189EE4002035D0 /* Products */,
			);
			sourceTree = "<group>";
		};
		CEC3E8F922189EE4002035D0 /* Products */ = {
			isa = PBXGroup;
			children = (
				CEC3E8F822189EE4002035D0 /* PocketPokedex.app */,
			);
			name = Products;
			sourceTree = "<group>";
		};
		CEC3E8FA22189EE4002035D0 /* PocketPokedex */ = {
			isa = PBXGroup;
			children = (
				CEC3E8FB22189EE4002035D0 /* AppDelegate.swift */,
				CEC3E9112218C0E1002035D0 /* Controllers */,
				CEC3E8FD22189EE4002035D0 /* ViewController.swift */,
				CEC3E90222189EE5002035D0 /* Assets.xcassets */,
				CEC3E8FF22189EE4002035D0 /* Main.storyboard */,
				CEC3E90422189EE5002035D0 /* LaunchScreen.storyboard */,
				CEC3E90722189EE5002035D0 /* Info.plist */,
				CEE738E02218C88F00DB9E97 /* Model */,
				CEE738E12218C89900DB9E97 /* Python Helpers */,
				CEC3E9162218C43F002035D0 /* pocketpokemon.py */,
				CEE738E52218D5FA00DB9E97 /* pokemonAPI.py */,
			);
			path = PocketPokedex;
			sourceTree = "<group>";
		};
		CEC3E9112218C0E1002035D0 /* Controllers */ = {
			isa = PBXGroup;
			children = (
				CEC3E90D2218BB65002035D0 /* PokedexTableViewController.swift */,
				CEC3E90F2218BB81002035D0 /* PokedexViewController.swift */,
				CEE738DE2218C5FD00DB9E97 /* HomeViewController.swift */,
				CEE738E72218DF3900DB9E97 /* statstableview.swift */,
			);
			path = Controllers;
			sourceTree = "<group>";
		};
		CEE738E02218C88F00DB9E97 /* Model */ = {
			isa = PBXGroup;
			children = (
				CEC3E9122218C120002035D0 /* DataSourceManager.swift */,
				CEE738E32218CB5F00DB9E97 /* Pokemon.swift */,
			);
			path = Model;
			sourceTree = "<group>";
		};
		CEE738E12218C89900DB9E97 /* Python Helpers */ = {
			isa = PBXGroup;
			children = (
				CEE738E22218C89900DB9E97 /* pocketpokemon.py */,
			);
			path = "Python Helpers";
			sourceTree = "<group>";
		};
/* End PBXGroup section */

/* Begin PBXNativeTarget section */
		CEC3E8F722189EE4002035D0 /* PocketPokedex */ = {
			isa = PBXNativeTarget;
			buildConfigurationList = CEC3E90A22189EE5002035D0 /* Build configuration list for PBXNativeTarget "PocketPokedex" */;
			buildPhases = (
				CEC3E8F422189EE4002035D0 /* Sources */,
				CEC3E8F522189EE4002035D0 /* Frameworks */,
				CEC3E8F622189EE4002035D0 /* Resources */,
			);
			buildRules = (
			);
			dependencies = (
			);
			name = PocketPokedex;
			productName = PocketPokedex;
			productReference = CEC3E8F822189EE4002035D0 /* PocketPokedex.app */;
			productType = "com.apple.product-type.application";
		};
/* End PBXNativeTarget section */

/* Begin PBXProject section */
		CEC3E8F022189EE4002035D0 /* Project object */ = {
			isa = PBXProject;
			attributes = {
				LastSwiftUpdateCheck = 1010;
				LastUpgradeCheck = 1010;
				ORGANIZATIONNAME = HackUCI;
				TargetAttributes = {
					CEC3E8F722189EE4002035D0 = {
						CreatedOnToolsVersion = 10.1;
					};
				};
			};
			buildConfigurationList = CEC3E8F322189EE4002035D0 /* Build configuration list for PBXProject "PocketPokedex" */;
			compatibilityVersion = "Xcode 9.3";
			developmentRegion = en;
			hasScannedForEncodings = 0;
			knownRegions = (
				en,
				Base,
			);
			mainGroup = CEC3E8EF22189EE4002035D0;
			productRefGroup = CEC3E8F922189EE4002035D0 /* Products */;
			projectDirPath = "";
			projectRoot = "";
			targets = (
				CEC3E8F722189EE4002035D0 /* PocketPokedex */,
			);
		};
/* End PBXProject section */

/* Begin PBXResourcesBuildPhase section */
		CEC3E8F622189EE4002035D0 /* Resources */ = {
			isa = PBXResourcesBuildPhase;
			buildActionMask = 2147483647;
			files = (
				CEC3E90622189EE5002035D0 /* LaunchScreen.storyboard in Resources */,
				CEC3E90322189EE5002035D0 /* Assets.xcassets in Resources */,
				CEC3E9172218C43F002035D0 /* pocketpokemon.py in Resources */,
				CEC3E90122189EE4002035D0 /* Main.storyboard in Resources */,
				CEE738E62218D5FA00DB9E97 /* pokemonAPI.py in Resources */,
			);
			runOnlyForDeploymentPostprocessing = 0;
		};
/* End PBXResourcesBuildPhase section */

/* Begin PBXSourcesBuildPhase section */
		CEC3E8F422189EE4002035D0 /* Sources */ = {
			isa = PBXSourcesBuildPhase;
			buildActionMask = 2147483647;
			files = (
				CEE738E42218CB5F00DB9E97 /* Pokemon.swift in Sources */,
				CEE738E82218DF3900DB9E97 /* statstableview.swift in Sources */,
				CEC3E90E2218BB65002035D0 /* PokedexTableViewController.swift in Sources */,
				CEC3E9102218BB81002035D0 /* PokedexViewController.swift in Sources */,
				CEC3E8FE22189EE4002035D0 /* ViewController.swift in Sources */,
				CEC3E8FC22189EE4002035D0 /* AppDelegate.swift in Sources */,
				CEC3E9132218C120002035D0 /* DataSourceManager.swift in Sources */,
				CEE738DF2218C5FD00DB9E97 /* HomeViewController.swift in Sources */,
			);
			runOnlyForDeploymentPostprocessing = 0;
		};
/* End PBXSourcesBuildPhase section */

/* Begin PBXVariantGroup section */
		CEC3E8FF22189EE4002035D0 /* Main.storyboard */ = {
			isa = PBXVariantGroup;
			children = (
				CEC3E90022189EE4002035D0 /* Base */,
			);
			name = Main.storyboard;
			sourceTree = "<group>";
		};
		CEC3E90422189EE5002035D0 /* LaunchScreen.storyboard */ = {
			isa = PBXVariantGroup;
			children = (
				CEC3E90522189EE5002035D0 /* Base */,
			);
			name = LaunchScreen.storyboard;
			sourceTree = "<group>";
		};
/* End PBXVariantGroup section */

/* Begin XCBuildConfiguration section */
		CEC3E90822189EE5002035D0 /* Debug */ = {
			isa = XCBuildConfiguration;
			buildSettings = {
				ALWAYS_SEARCH_USER_PATHS = NO;
				CLANG_ANALYZER_NONNULL = YES;
				CLANG_ANALYZER_NUMBER_OBJECT_CONVERSION = YES_AGGRESSIVE;
				CLANG_CXX_LANGUAGE_STANDARD = "gnu++14";
				CLANG_CXX_LIBRARY = "libc++";
				CLANG_ENABLE_MODULES = YES;
				CLANG_ENABLE_OBJC_ARC = YES;
				CLANG_ENABLE_OBJC_WEAK = YES;
				CLANG_WARN_BLOCK_CAPTURE_AUTORELEASING = YES;
				CLANG_WARN_BOOL_CONVERSION = YES;
				CLANG_WARN_COMMA = YES;
				CLANG_WARN_CONSTANT_CONVERSION = YES;
				CLANG_WARN_DEPRECATED_OBJC_IMPLEMENTATIONS = YES;
				CLANG_WARN_DIRECT_OBJC_ISA_USAGE = YES_ERROR;
				CLANG_WARN_DOCUMENTATION_COMMENTS = YES;
				CLANG_WARN_EMPTY_BODY = YES;
				CLANG_WARN_ENUM_CONVERSION = YES;
				CLANG_WARN_INFINITE_RECURSION = YES;
				CLANG_WARN_INT_CONVERSION = YES;
				CLANG_WARN_NON_LITERAL_NULL_CONVERSION = YES;
				CLANG_WARN_OBJC_IMPLICIT_RETAIN_SELF = YES;
				CLANG_WARN_OBJC_LITERAL_CONVERSION = YES;
				CLANG_WARN_OBJC_ROOT_CLASS = YES_ERROR;
				CLANG_WARN_RANGE_LOOP_ANALYSIS = YES;
				CLANG_WARN_STRICT_PROTOTYPES = YES;
				CLANG_WARN_SUSPICIOUS_MOVE = YES;
				CLANG_WARN_UNGUARDED_AVAILABILITY = YES_AGGRESSIVE;
				CLANG_WARN_UNREACHABLE_CODE = YES;
				CLANG_WARN__DUPLICATE_METHOD_MATCH = YES;
				CODE_SIGN_IDENTITY = "iPhone Developer";
				COPY_PHASE_STRIP = NO;
				DEBUG_INFORMATION_FORMAT = dwarf;
				ENABLE_STRICT_OBJC_MSGSEND = YES;
				ENABLE_TESTABILITY = YES;
				GCC_C_LANGUAGE_STANDARD = gnu11;
				GCC_DYNAMIC_NO_PIC = NO;
				GCC_NO_COMMON_BLOCKS = YES;
				GCC_OPTIMIZATION_LEVEL = 0;
				GCC_PREPROCESSOR_DEFINITIONS = (
					"DEBUG=1",
					"$(inherited)",
				);
				GCC_WARN_64_TO_32_BIT_CONVERSION = YES;
				GCC_WARN_ABOUT_RETURN_TYPE = YES_ERROR;
				GCC_WARN_UNDECLARED_SELECTOR = YES;
				GCC_WARN_UNINITIALIZED_AUTOS = YES_AGGRESSIVE;
				GCC_WARN_UNUSED_FUNCTION = YES;
				GCC_WARN_UNUSED_VARIABLE = YES;
				IPHONEOS_DEPLOYMENT_TARGET = 12.1;
				MTL_ENABLE_DEBUG_INFO = INCLUDE_SOURCE;
				MTL_FAST_MATH = YES;
				ONLY_ACTIVE_ARCH = YES;
				SDKROOT = iphoneos;
				SWIFT_ACTIVE_COMPILATION_CONDITIONS = DEBUG;
				SWIFT_OPTIMIZATION_LEVEL = "-Onone";
			};
			name = Debug;
		};
		CEC3E90922189EE5002035D0 /* Release */ = {
			isa = XCBuildConfiguration;
			buildSettings = {
				ALWAYS_SEARCH_USER_PATHS = NO;
				CLANG_ANALYZER_NONNULL = YES;
				CLANG_ANALYZER_NUMBER_OBJECT_CONVERSION = YES_AGGRESSIVE;
				CLANG_CXX_LANGUAGE_STANDARD = "gnu++14";
				CLANG_CXX_LIBRARY = "libc++";
				CLANG_ENABLE_MODULES = YES;
				CLANG_ENABLE_OBJC_ARC = YES;
				CLANG_ENABLE_OBJC_WEAK = YES;
				CLANG_WARN_BLOCK_CAPTURE_AUTORELEASING = YES;
				CLANG_WARN_BOOL_CONVERSION = YES;
				CLANG_WARN_COMMA = YES;
				CLANG_WARN_CONSTANT_CONVERSION = YES;
				CLANG_WARN_DEPRECATED_OBJC_IMPLEMENTATIONS = YES;
				CLANG_WARN_DIRECT_OBJC_ISA_USAGE = YES_ERROR;
				CLANG_WARN_DOCUMENTATION_COMMENTS = YES;
				CLANG_WARN_EMPTY_BODY = YES;
				CLANG_WARN_ENUM_CONVERSION = YES;
				CLANG_WARN_INFINITE_RECURSION = YES;
				CLANG_WARN_INT_CONVERSION = YES;
				CLANG_WARN_NON_LITERAL_NULL_CONVERSION = YES;
				CLANG_WARN_OBJC_IMPLICIT_RETAIN_SELF = YES;
				CLANG_WARN_OBJC_LITERAL_CONVERSION = YES;
				CLANG_WARN_OBJC_ROOT_CLASS = YES_ERROR;
				CLANG_WARN_RANGE_LOOP_ANALYSIS = YES;
				CLANG_WARN_STRICT_PROTOTYPES = YES;
				CLANG_WARN_SUSPICIOUS_MOVE = YES;
				CLANG_WARN_UNGUARDED_AVAILABILITY = YES_AGGRESSIVE;
				CLANG_WARN_UNREACHABLE_CODE = YES;
				CLANG_WARN__DUPLICATE_METHOD_MATCH = YES;
				CODE_SIGN_IDENTITY = "iPhone Developer";
				COPY_PHASE_STRIP = NO;
				DEBUG_INFORMATION_FORMAT = "dwarf-with-dsym";
				ENABLE_NS_ASSERTIONS = NO;
				ENABLE_STRICT_OBJC_MSGSEND = YES;
				GCC_C_LANGUAGE_STANDARD = gnu11;
				GCC_NO_COMMON_BLOCKS = YES;
				GCC_WARN_64_TO_32_BIT_CONVERSION = YES;
				GCC_WARN_ABOUT_RETURN_TYPE = YES_ERROR;
				GCC_WARN_UNDECLARED_SELECTOR = YES;
				GCC_WARN_UNINITIALIZED_AUTOS = YES_AGGRESSIVE;
				GCC_WARN_UNUSED_FUNCTION = YES;
				GCC_WARN_UNUSED_VARIABLE = YES;
				IPHONEOS_DEPLOYMENT_TARGET = 12.1;
				MTL_ENABLE_DEBUG_INFO = NO;
				MTL_FAST_MATH = YES;
				SDKROOT = iphoneos;
				SWIFT_COMPILATION_MODE = wholemodule;
				SWIFT_OPTIMIZATION_LEVEL = "-O";
				VALIDATE_PRODUCT = YES;
			};
			name = Release;
		};
		CEC3E90B22189EE5002035D0 /* Debug */ = {
			isa = XCBuildConfiguration;
			buildSettings = {
				ASSETCATALOG_COMPILER_APPICON_NAME = AppIcon;
				CODE_SIGN_STYLE = Automatic;
				INFOPLIST_FILE = PocketPokedex/Info.plist;
				LD_RUNPATH_SEARCH_PATHS = (
					"$(inherited)",
					"@executable_path/Frameworks",
				);
				PRODUCT_BUNDLE_IDENTIFIER = com.poketeam.PocketPokedex;
				PRODUCT_NAME = "$(TARGET_NAME)";
				SWIFT_VERSION = 4.2;
				TARGETED_DEVICE_FAMILY = "1,2";
			};
			name = Debug;
		};
		CEC3E90C22189EE5002035D0 /* Release */ = {
			isa = XCBuildConfiguration;
			buildSettings = {
				ASSETCATALOG_COMPILER_APPICON_NAME = AppIcon;
				CODE_SIGN_STYLE = Automatic;
				INFOPLIST_FILE = PocketPokedex/Info.plist;
				LD_RUNPATH_SEARCH_PATHS = (
					"$(inherited)",
					"@executable_path/Frameworks",
				);
				PRODUCT_BUNDLE_IDENTIFIER = com.poketeam.PocketPokedex;
				PRODUCT_NAME = "$(TARGET_NAME)";
				SWIFT_VERSION = 4.2;
				TARGETED_DEVICE_FAMILY = "1,2";
			};
			name = Release;
		};
/* End XCBuildConfiguration section */

/* Begin XCConfigurationList section */
		CEC3E8F322189EE4002035D0 /* Build configuration list for PBXProject "PocketPokedex" */ = {
			isa = XCConfigurationList;
			buildConfigurations = (
				CEC3E90822189EE5002035D0 /* Debug */,
				CEC3E90922189EE5002035D0 /* Release */,
			);
			defaultConfigurationIsVisible = 0;
			defaultConfigurationName = Release;
		};
		CEC3E90A22189EE5002035D0 /* Build configuration list for PBXNativeTarget "PocketPokedex" */ = {
			isa = XCConfigurationList;
			buildConfigurations = (
				CEC3E90B22189EE5002035D0 /* Debug */,
				CEC3E90C22189EE5002035D0 /* Release */,
			);
			defaultConfigurationIsVisible = 0;
			defaultConfigurationName = Release;
		};
/* End XCConfigurationList section */
	};
	rootObject = CEC3E8F022189EE4002035D0 /* Project object */;
}
